{
  "requires": true,
  "lockfileVersion": 1,
  "dependencies": {
    "lunr": {
      "version": "2.3.2",
      "resolved": "https://registry.npmjs.org/lunr/-/lunr-2.3.2.tgz",
      "integrity": "sha512-3wO9shK+cBcJ260ibDtw3JGY+xE0so0y90Dt5YY4e+VmhZO8z8l4cwdau09Fiud0nZHdSgNsIKFHUy3MbXm00A=="
    }
  }
}
