{
  "requires": true,
  "lockfileVersion": 1,
  "dependencies": {
    "lunr": {
      "version": "2.3.5",
      "resolved": "https://registry.npmjs.org/lunr/-/lunr-2.3.5.tgz",
      "integrity": "sha512-EtnfmHsHJTr3u24sito9JctSxej5Ds0SgUD2Lm+qRHyLgM7BGesFlW14eNh1mil0fV5Muh8gf3dBBXzADlUlzQ=="
    }
  }
}
